// !$*UTF8*$!
{
	archiveVersion = 1;
	classes = {
	};
	objectVersion = 56;
	objects = {

/* Begin PBXBuildFile section */
		5700BDA02A0EF99D0084D6E7 /* UserDetailContentsView.swift in Sources */ = {isa = PBXBuildFile; fileRef = 5700BD9F2A0EF99D0084D6E7 /* UserDetailContentsView.swift */; };
		5700BDA22A0EF9AB0084D6E7 /* UserDetailHeaderView.swift in Sources */ = {isa = PBXBuildFile; fileRef = 5700BDA12A0EF9AB0084D6E7 /* UserDetailHeaderView.swift */; };
		5700BDA42A0EF9B90084D6E7 /* UserDetailRepositoryListView.swift in Sources */ = {isa = PBXBuildFile; fileRef = 5700BDA32A0EF9B90084D6E7 /* UserDetailRepositoryListView.swift */; };
		571BFD062A10715500557CEA /* SearchUserRepository.swift in Sources */ = {isa = PBXBuildFile; fileRef = 571BFD052A10715500557CEA /* SearchUserRepository.swift */; };
		571BFD082A10716400557CEA /* UserDetailRepository.swift in Sources */ = {isa = PBXBuildFile; fileRef = 571BFD072A10716400557CEA /* UserDetailRepository.swift */; };
		57B8F6862A07023A00C00B8E /* GithubForSwiftUIApp.swift in Sources */ = {isa = PBXBuildFile; fileRef = 57B8F6852A07023A00C00B8E /* GithubForSwiftUIApp.swift */; };
		57B8F6882A07023A00C00B8E /* SearchUserScreenView.swift in Sources */ = {isa = PBXBuildFile; fileRef = 57B8F6872A07023A00C00B8E /* SearchUserScreenView.swift */; };
		57B8F68A2A07023B00C00B8E /* Assets.xcassets in Resources */ = {isa = PBXBuildFile; fileRef = 57B8F6892A07023B00C00B8E /* Assets.xcassets */; };
		57B8F68D2A07023B00C00B8E /* Preview Assets.xcassets in Resources */ = {isa = PBXBuildFile; fileRef = 57B8F68C2A07023B00C00B8E /* Preview Assets.xcassets */; };
		57B8F6972A07023C00C00B8E /* GithubForSwiftUITests.swift in Sources */ = {isa = PBXBuildFile; fileRef = 57B8F6962A07023C00C00B8E /* GithubForSwiftUITests.swift */; };
		57B8F6A12A07023C00C00B8E /* GithubForSwiftUIUITests.swift in Sources */ = {isa = PBXBuildFile; fileRef = 57B8F6A02A07023C00C00B8E /* GithubForSwiftUIUITests.swift */; };
		57B8F6A32A07023C00C00B8E /* GithubForSwiftUIUITestsLaunchTests.swift in Sources */ = {isa = PBXBuildFile; fileRef = 57B8F6A22A07023C00C00B8E /* GithubForSwiftUIUITestsLaunchTests.swift */; };
		57B8F6B32A0702CA00C00B8E /* WebView.swift in Sources */ = {isa = PBXBuildFile; fileRef = 57B8F6B22A0702CA00C00B8E /* WebView.swift */; };
		57B8F6B62A07092400C00B8E /* Request.swift in Sources */ = {isa = PBXBuildFile; fileRef = 57B8F6B52A07092400C00B8E /* Request.swift */; };
		57B8F6B82A0709BC00C00B8E /* SearchUsersRequest.swift in Sources */ = {isa = PBXBuildFile; fileRef = 57B8F6B72A0709BC00C00B8E /* SearchUsersRequest.swift */; };
		57B8F6BA2A070A4600C00B8E /* ItemsResponse.swift in Sources */ = {isa = PBXBuildFile; fileRef = 57B8F6B92A070A4500C00B8E /* ItemsResponse.swift */; };
		57B8F6BC2A070A7F00C00B8E /* SearchUser.swift in Sources */ = {isa = PBXBuildFile; fileRef = 57B8F6BB2A070A7F00C00B8E /* SearchUser.swift */; };
		57B8F6C22A070E1B00C00B8E /* SearchUserInteractor.swift in Sources */ = {isa = PBXBuildFile; fileRef = 57B8F6C12A070E1B00C00B8E /* SearchUserInteractor.swift */; };
		57B8F6C42A070E9E00C00B8E /* Session.swift in Sources */ = {isa = PBXBuildFile; fileRef = 57B8F6C32A070E9E00C00B8E /* Session.swift */; };
		57B8F6C62A070EF800C00B8E /* AccessToken.swift in Sources */ = {isa = PBXBuildFile; fileRef = 57B8F6C52A070EF700C00B8E /* AccessToken.swift */; };
		57B8F6C82A07176F00C00B8E /* SearchUserState.swift in Sources */ = {isa = PBXBuildFile; fileRef = 57B8F6C72A07176F00C00B8E /* SearchUserState.swift */; };
		57B8F6CB2A07436200C00B8E /* SearchUserListView.swift in Sources */ = {isa = PBXBuildFile; fileRef = 57B8F6CA2A07436200C00B8E /* SearchUserListView.swift */; };
		57B8F6CD2A07901F00C00B8E /* UserDetailRequest.swift in Sources */ = {isa = PBXBuildFile; fileRef = 57B8F6CC2A07901F00C00B8E /* UserDetailRequest.swift */; };
		57B8F6CF2A07913200C00B8E /* UserRepositoryRequest.swift in Sources */ = {isa = PBXBuildFile; fileRef = 57B8F6CE2A07913200C00B8E /* UserRepositoryRequest.swift */; };
		57B8F6D12A0791CA00C00B8E /* UserDetail.swift in Sources */ = {isa = PBXBuildFile; fileRef = 57B8F6D02A0791CA00C00B8E /* UserDetail.swift */; };
		57B8F6D32A0791DD00C00B8E /* UserRepository.swift in Sources */ = {isa = PBXBuildFile; fileRef = 57B8F6D22A0791DD00C00B8E /* UserRepository.swift */; };
		57B8F6D62A07B8AA00C00B8E /* UserDetailScreenView.swift in Sources */ = {isa = PBXBuildFile; fileRef = 57B8F6D52A07B8AA00C00B8E /* UserDetailScreenView.swift */; };
		57B8F6D82A07B8F100C00B8E /* UserDetailInteractor.swift in Sources */ = {isa = PBXBuildFile; fileRef = 57B8F6D72A07B8F100C00B8E /* UserDetailInteractor.swift */; };
		57B8F6DA2A07BBF000C00B8E /* UserDetailState.swift in Sources */ = {isa = PBXBuildFile; fileRef = 57B8F6D92A07BBF000C00B8E /* UserDetailState.swift */; };
/* End PBXBuildFile section */

/* Begin PBXContainerItemProxy section */
		57B8F6932A07023C00C00B8E /* PBXContainerItemProxy */ = {
			isa = PBXContainerItemProxy;
			containerPortal = 57B8F67A2A07023A00C00B8E /* Project object */;
			proxyType = 1;
			remoteGlobalIDString = 57B8F6812A07023A00C00B8E;
			remoteInfo = GithubForSwiftUI;
		};
		57B8F69D2A07023C00C00B8E /* PBXContainerItemProxy */ = {
			isa = PBXContainerItemProxy;
			containerPortal = 57B8F67A2A07023A00C00B8E /* Project object */;
			proxyType = 1;
			remoteGlobalIDString = 57B8F6812A07023A00C00B8E;
			remoteInfo = GithubForSwiftUI;
		};
/* End PBXContainerItemProxy section */

/* Begin PBXFileReference section */
		5700BD9F2A0EF99D0084D6E7 /* UserDetailContentsView.swift */ = {isa = PBXFileReference; lastKnownFileType = sourcecode.swift; path = UserDetailContentsView.swift; sourceTree = "<group>"; };
		5700BDA12A0EF9AB0084D6E7 /* UserDetailHeaderView.swift */ = {isa = PBXFileReference; lastKnownFileType = sourcecode.swift; path = UserDetailHeaderView.swift; sourceTree = "<group>"; };
		5700BDA32A0EF9B90084D6E7 /* UserDetailRepositoryListView.swift */ = {isa = PBXFileReference; lastKnownFileType = sourcecode.swift; path = UserDetailRepositoryListView.swift; sourceTree = "<group>"; };
		571BFD052A10715500557CEA /* SearchUserRepository.swift */ = {isa = PBXFileReference; lastKnownFileType = sourcecode.swift; path = SearchUserRepository.swift; sourceTree = "<group>"; };
		571BFD072A10716400557CEA /* UserDetailRepository.swift */ = {isa = PBXFileReference; lastKnownFileType = sourcecode.swift; path = UserDetailRepository.swift; sourceTree = "<group>"; };
		57B8F6822A07023A00C00B8E /* GithubForSwiftUI.app */ = {isa = PBXFileReference; explicitFileType = wrapper.application; includeInIndex = 0; path = GithubForSwiftUI.app; sourceTree = BUILT_PRODUCTS_DIR; };
		57B8F6852A07023A00C00B8E /* GithubForSwiftUIApp.swift */ = {isa = PBXFileReference; lastKnownFileType = sourcecode.swift; path = GithubForSwiftUIApp.swift; sourceTree = "<group>"; };
		57B8F6872A07023A00C00B8E /* SearchUserScreenView.swift */ = {isa = PBXFileReference; lastKnownFileType = sourcecode.swift; path = SearchUserScreenView.swift; sourceTree = "<group>"; };
		57B8F6892A07023B00C00B8E /* Assets.xcassets */ = {isa = PBXFileReference; lastKnownFileType = folder.assetcatalog; path = Assets.xcassets; sourceTree = "<group>"; };
		57B8F68C2A07023B00C00B8E /* Preview Assets.xcassets */ = {isa = PBXFileReference; lastKnownFileType = folder.assetcatalog; path = "Preview Assets.xcassets"; sourceTree = "<group>"; };
		57B8F6922A07023C00C00B8E /* GithubForSwiftUITests.xctest */ = {isa = PBXFileReference; explicitFileType = wrapper.cfbundle; includeInIndex = 0; path = GithubForSwiftUITests.xctest; sourceTree = BUILT_PRODUCTS_DIR; };
		57B8F6962A07023C00C00B8E /* GithubForSwiftUITests.swift */ = {isa = PBXFileReference; lastKnownFileType = sourcecode.swift; path = GithubForSwiftUITests.swift; sourceTree = "<group>"; };
		57B8F69C2A07023C00C00B8E /* GithubForSwiftUIUITests.xctest */ = {isa = PBXFileReference; explicitFileType = wrapper.cfbundle; includeInIndex = 0; path = GithubForSwiftUIUITests.xctest; sourceTree = BUILT_PRODUCTS_DIR; };
		57B8F6A02A07023C00C00B8E /* GithubForSwiftUIUITests.swift */ = {isa = PBXFileReference; lastKnownFileType = sourcecode.swift; path = GithubForSwiftUIUITests.swift; sourceTree = "<group>"; };
		57B8F6A22A07023C00C00B8E /* GithubForSwiftUIUITestsLaunchTests.swift */ = {isa = PBXFileReference; lastKnownFileType = sourcecode.swift; path = GithubForSwiftUIUITestsLaunchTests.swift; sourceTree = "<group>"; };
		57B8F6B22A0702CA00C00B8E /* WebView.swift */ = {isa = PBXFileReference; lastKnownFileType = sourcecode.swift; path = WebView.swift; sourceTree = "<group>"; };
		57B8F6B52A07092400C00B8E /* Request.swift */ = {isa = PBXFileReference; lastKnownFileType = sourcecode.swift; path = Request.swift; sourceTree = "<group>"; };
		57B8F6B72A0709BC00C00B8E /* SearchUsersRequest.swift */ = {isa = PBXFileReference; lastKnownFileType = sourcecode.swift; path = SearchUsersRequest.swift; sourceTree = "<group>"; };
		57B8F6B92A070A4500C00B8E /* ItemsResponse.swift */ = {isa = PBXFileReference; lastKnownFileType = sourcecode.swift; path = ItemsResponse.swift; sourceTree = "<group>"; };
		57B8F6BB2A070A7F00C00B8E /* SearchUser.swift */ = {isa = PBXFileReference; lastKnownFileType = sourcecode.swift; path = SearchUser.swift; sourceTree = "<group>"; };
		57B8F6C12A070E1B00C00B8E /* SearchUserInteractor.swift */ = {isa = PBXFileReference; lastKnownFileType = sourcecode.swift; path = SearchUserInteractor.swift; sourceTree = "<group>"; };
		57B8F6C32A070E9E00C00B8E /* Session.swift */ = {isa = PBXFileReference; lastKnownFileType = sourcecode.swift; path = Session.swift; sourceTree = "<group>"; };
		57B8F6C52A070EF700C00B8E /* AccessToken.swift */ = {isa = PBXFileReference; lastKnownFileType = sourcecode.swift; path = AccessToken.swift; sourceTree = "<group>"; };
		57B8F6C72A07176F00C00B8E /* SearchUserState.swift */ = {isa = PBXFileReference; lastKnownFileType = sourcecode.swift; path = SearchUserState.swift; sourceTree = "<group>"; };
		57B8F6CA2A07436200C00B8E /* SearchUserListView.swift */ = {isa = PBXFileReference; lastKnownFileType = sourcecode.swift; path = SearchUserListView.swift; sourceTree = "<group>"; };
		57B8F6CC2A07901F00C00B8E /* UserDetailRequest.swift */ = {isa = PBXFileReference; lastKnownFileType = sourcecode.swift; path = UserDetailRequest.swift; sourceTree = "<group>"; };
		57B8F6CE2A07913200C00B8E /* UserRepositoryRequest.swift */ = {isa = PBXFileReference; lastKnownFileType = sourcecode.swift; path = UserRepositoryRequest.swift; sourceTree = "<group>"; };
		57B8F6D02A0791CA00C00B8E /* UserDetail.swift */ = {isa = PBXFileReference; lastKnownFileType = sourcecode.swift; path = UserDetail.swift; sourceTree = "<group>"; };
		57B8F6D22A0791DD00C00B8E /* UserRepository.swift */ = {isa = PBXFileReference; lastKnownFileType = sourcecode.swift; path = UserRepository.swift; sourceTree = "<group>"; };
		57B8F6D52A07B8AA00C00B8E /* UserDetailScreenView.swift */ = {isa = PBXFileReference; lastKnownFileType = sourcecode.swift; path = UserDetailScreenView.swift; sourceTree = "<group>"; };
		57B8F6D72A07B8F100C00B8E /* UserDetailInteractor.swift */ = {isa = PBXFileReference; lastKnownFileType = sourcecode.swift; path = UserDetailInteractor.swift; sourceTree = "<group>"; };
		57B8F6D92A07BBF000C00B8E /* UserDetailState.swift */ = {isa = PBXFileReference; lastKnownFileType = sourcecode.swift; path = UserDetailState.swift; sourceTree = "<group>"; };
/* End PBXFileReference section */

/* Begin PBXFrameworksBuildPhase section */
		57B8F67F2A07023A00C00B8E /* Frameworks */ = {
			isa = PBXFrameworksBuildPhase;
			buildActionMask = 2147483647;
			files = (
			);
			runOnlyForDeploymentPostprocessing = 0;
		};
		57B8F68F2A07023C00C00B8E /* Frameworks */ = {
			isa = PBXFrameworksBuildPhase;
			buildActionMask = 2147483647;
			files = (
			);
			runOnlyForDeploymentPostprocessing = 0;
		};
		57B8F6992A07023C00C00B8E /* Frameworks */ = {
			isa = PBXFrameworksBuildPhase;
			buildActionMask = 2147483647;
			files = (
			);
			runOnlyForDeploymentPostprocessing = 0;
		};
/* End PBXFrameworksBuildPhase section */

/* Begin PBXGroup section */
		5700BD9E2A0EF9940084D6E7 /* View */ = {
			isa = PBXGroup;
			children = (
				57B8F6D52A07B8AA00C00B8E /* UserDetailScreenView.swift */,
				5700BD9F2A0EF99D0084D6E7 /* UserDetailContentsView.swift */,
				5700BDA12A0EF9AB0084D6E7 /* UserDetailHeaderView.swift */,
				5700BDA32A0EF9B90084D6E7 /* UserDetailRepositoryListView.swift */,
			);
			path = View;
			sourceTree = "<group>";
		};
		57B8F6792A07023A00C00B8E = {
			isa = PBXGroup;
			children = (
				57B8F6842A07023A00C00B8E /* GithubForSwiftUI */,
				57B8F6952A07023C00C00B8E /* GithubForSwiftUITests */,
				57B8F69F2A07023C00C00B8E /* GithubForSwiftUIUITests */,
				57B8F6832A07023A00C00B8E /* Products */,
			);
			sourceTree = "<group>";
		};
		57B8F6832A07023A00C00B8E /* Products */ = {
			isa = PBXGroup;
			children = (
				57B8F6822A07023A00C00B8E /* GithubForSwiftUI.app */,
				57B8F6922A07023C00C00B8E /* GithubForSwiftUITests.xctest */,
				57B8F69C2A07023C00C00B8E /* GithubForSwiftUIUITests.xctest */,
			);
			name = Products;
			sourceTree = "<group>";
		};
		57B8F6842A07023A00C00B8E /* GithubForSwiftUI */ = {
			isa = PBXGroup;
			children = (
				57B8F6B42A0707CF00C00B8E /* API */,
				57B8F6B02A0702A300C00B8E /* Core */,
				57B8F6AF2A07029500C00B8E /* Scene */,
				57B8F6852A07023A00C00B8E /* GithubForSwiftUIApp.swift */,
				57B8F6892A07023B00C00B8E /* Assets.xcassets */,
				57B8F68B2A07023B00C00B8E /* Preview Content */,
			);
			path = GithubForSwiftUI;
			sourceTree = "<group>";
		};
		57B8F68B2A07023B00C00B8E /* Preview Content */ = {
			isa = PBXGroup;
			children = (
				57B8F68C2A07023B00C00B8E /* Preview Assets.xcassets */,
			);
			path = "Preview Content";
			sourceTree = "<group>";
		};
		57B8F6952A07023C00C00B8E /* GithubForSwiftUITests */ = {
			isa = PBXGroup;
			children = (
				57B8F6962A07023C00C00B8E /* GithubForSwiftUITests.swift */,
			);
			path = GithubForSwiftUITests;
			sourceTree = "<group>";
		};
		57B8F69F2A07023C00C00B8E /* GithubForSwiftUIUITests */ = {
			isa = PBXGroup;
			children = (
				57B8F6A02A07023C00C00B8E /* GithubForSwiftUIUITests.swift */,
				57B8F6A22A07023C00C00B8E /* GithubForSwiftUIUITestsLaunchTests.swift */,
			);
			path = GithubForSwiftUIUITests;
			sourceTree = "<group>";
		};
		57B8F6AF2A07029500C00B8E /* Scene */ = {
			isa = PBXGroup;
			children = (
				57B8F6D42A07B89300C00B8E /* UserDetail */,
				57B8F6C02A070B7000C00B8E /* SearchUser */,
				57B8F6B12A0702BC00C00B8E /* WebView */,
			);
			path = Scene;
			sourceTree = "<group>";
		};
		57B8F6B02A0702A300C00B8E /* Core */ = {
			isa = PBXGroup;
			children = (
			);
			path = Core;
			sourceTree = "<group>";
		};
		57B8F6B12A0702BC00C00B8E /* WebView */ = {
			isa = PBXGroup;
			children = (
				57B8F6B22A0702CA00C00B8E /* WebView.swift */,
			);
			path = WebView;
			sourceTree = "<group>";
		};
		57B8F6B42A0707CF00C00B8E /* API */ = {
			isa = PBXGroup;
			children = (
				57B8F6BF2A070AFE00C00B8E /* Response */,
				57B8F6BE2A070AED00C00B8E /* Request */,
				57B8F6BD2A070ADD00C00B8E /* Entity */,
				57B8F6C32A070E9E00C00B8E /* Session.swift */,
			);
			path = API;
			sourceTree = "<group>";
		};
		57B8F6BD2A070ADD00C00B8E /* Entity */ = {
			isa = PBXGroup;
			children = (
				57B8F6BB2A070A7F00C00B8E /* SearchUser.swift */,
				57B8F6C52A070EF700C00B8E /* AccessToken.swift */,
				57B8F6D02A0791CA00C00B8E /* UserDetail.swift */,
				57B8F6D22A0791DD00C00B8E /* UserRepository.swift */,
			);
			path = Entity;
			sourceTree = "<group>";
		};
		57B8F6BE2A070AED00C00B8E /* Request */ = {
			isa = PBXGroup;
			children = (
				57B8F6B52A07092400C00B8E /* Request.swift */,
				57B8F6B72A0709BC00C00B8E /* SearchUsersRequest.swift */,
				57B8F6CC2A07901F00C00B8E /* UserDetailRequest.swift */,
				57B8F6CE2A07913200C00B8E /* UserRepositoryRequest.swift */,
			);
			path = Request;
			sourceTree = "<group>";
		};
		57B8F6BF2A070AFE00C00B8E /* Response */ = {
			isa = PBXGroup;
			children = (
				57B8F6B92A070A4500C00B8E /* ItemsResponse.swift */,
			);
			path = Response;
			sourceTree = "<group>";
		};
		57B8F6C02A070B7000C00B8E /* SearchUser */ = {
			isa = PBXGroup;
			children = (
				57B8F6C92A07431300C00B8E /* View */,
				57B8F6C12A070E1B00C00B8E /* SearchUserInteractor.swift */,
				571BFD052A10715500557CEA /* SearchUserRepository.swift */,
				57B8F6C72A07176F00C00B8E /* SearchUserState.swift */,
			);
			path = SearchUser;
			sourceTree = "<group>";
		};
		57B8F6C92A07431300C00B8E /* View */ = {
			isa = PBXGroup;
			children = (
				57B8F6872A07023A00C00B8E /* SearchUserScreenView.swift */,
				57B8F6CA2A07436200C00B8E /* SearchUserListView.swift */,
			);
			path = View;
			sourceTree = "<group>";
		};
		57B8F6D42A07B89300C00B8E /* UserDetail */ = {
			isa = PBXGroup;
			children = (
				5700BD9E2A0EF9940084D6E7 /* View */,
				57B8F6D72A07B8F100C00B8E /* UserDetailInteractor.swift */,
				57B8F6D92A07BBF000C00B8E /* UserDetailState.swift */,
				571BFD072A10716400557CEA /* UserDetailRepository.swift */,
			);
			path = UserDetail;
			sourceTree = "<group>";
		};
/* End PBXGroup section */

/* Begin PBXNativeTarget section */
		57B8F6812A07023A00C00B8E /* GithubForSwiftUI */ = {
			isa = PBXNativeTarget;
			buildConfigurationList = 57B8F6A62A07023C00C00B8E /* Build configuration list for PBXNativeTarget "GithubForSwiftUI" */;
			buildPhases = (
				57B8F67E2A07023A00C00B8E /* Sources */,
				57B8F67F2A07023A00C00B8E /* Frameworks */,
				57B8F6802A07023A00C00B8E /* Resources */,
			);
			buildRules = (
			);
			dependencies = (
			);
			name = GithubForSwiftUI;
			productName = GithubForSwiftUI;
			productReference = 57B8F6822A07023A00C00B8E /* GithubForSwiftUI.app */;
			productType = "com.apple.product-type.application";
		};
		57B8F6912A07023C00C00B8E /* GithubForSwiftUITests */ = {
			isa = PBXNativeTarget;
			buildConfigurationList = 57B8F6A92A07023C00C00B8E /* Build configuration list for PBXNativeTarget "GithubForSwiftUITests" */;
			buildPhases = (
				57B8F68E2A07023C00C00B8E /* Sources */,
				57B8F68F2A07023C00C00B8E /* Frameworks */,
				57B8F6902A07023C00C00B8E /* Resources */,
			);
			buildRules = (
			);
			dependencies = (
				57B8F6942A07023C00C00B8E /* PBXTargetDependency */,
			);
			name = GithubForSwiftUITests;
			productName = GithubForSwiftUITests;
			productReference = 57B8F6922A07023C00C00B8E /* GithubForSwiftUITests.xctest */;
			productType = "com.apple.product-type.bundle.unit-test";
		};
		57B8F69B2A07023C00C00B8E /* GithubForSwiftUIUITests */ = {
			isa = PBXNativeTarget;
			buildConfigurationList = 57B8F6AC2A07023C00C00B8E /* Build configuration list for PBXNativeTarget "GithubForSwiftUIUITests" */;
			buildPhases = (
				57B8F6982A07023C00C00B8E /* Sources */,
				57B8F6992A07023C00C00B8E /* Frameworks */,
				57B8F69A2A07023C00C00B8E /* Resources */,
			);
			buildRules = (
			);
			dependencies = (
				57B8F69E2A07023C00C00B8E /* PBXTargetDependency */,
			);
			name = GithubForSwiftUIUITests;
			productName = GithubForSwiftUIUITests;
			productReference = 57B8F69C2A07023C00C00B8E /* GithubForSwiftUIUITests.xctest */;
			productType = "com.apple.product-type.bundle.ui-testing";
		};
/* End PBXNativeTarget section */

/* Begin PBXProject section */
		57B8F67A2A07023A00C00B8E /* Project object */ = {
			isa = PBXProject;
			attributes = {
				BuildIndependentTargetsInParallel = 1;
				LastSwiftUpdateCheck = 1420;
				LastUpgradeCheck = 1420;
				TargetAttributes = {
					57B8F6812A07023A00C00B8E = {
						CreatedOnToolsVersion = 14.2;
					};
					57B8F6912A07023C00C00B8E = {
						CreatedOnToolsVersion = 14.2;
						TestTargetID = 57B8F6812A07023A00C00B8E;
					};
					57B8F69B2A07023C00C00B8E = {
						CreatedOnToolsVersion = 14.2;
						TestTargetID = 57B8F6812A07023A00C00B8E;
					};
				};
			};
			buildConfigurationList = 57B8F67D2A07023A00C00B8E /* Build configuration list for PBXProject "GithubForSwiftUI" */;
			compatibilityVersion = "Xcode 14.0";
			developmentRegion = en;
			hasScannedForEncodings = 0;
			knownRegions = (
				en,
				Base,
			);
			mainGroup = 57B8F6792A07023A00C00B8E;
			productRefGroup = 57B8F6832A07023A00C00B8E /* Products */;
			projectDirPath = "";
			projectRoot = "";
			targets = (
				57B8F6812A07023A00C00B8E /* GithubForSwiftUI */,
				57B8F6912A07023C00C00B8E /* GithubForSwiftUITests */,
				57B8F69B2A07023C00C00B8E /* GithubForSwiftUIUITests */,
			);
		};
/* End PBXProject section */

/* Begin PBXResourcesBuildPhase section */
		57B8F6802A07023A00C00B8E /* Resources */ = {
			isa = PBXResourcesBuildPhase;
			buildActionMask = 2147483647;
			files = (
				57B8F68D2A07023B00C00B8E /* Preview Assets.xcassets in Resources */,
				57B8F68A2A07023B00C00B8E /* Assets.xcassets in Resources */,
			);
			runOnlyForDeploymentPostprocessing = 0;
		};
		57B8F6902A07023C00C00B8E /* Resources */ = {
			isa = PBXResourcesBuildPhase;
			buildActionMask = 2147483647;
			files = (
			);
			runOnlyForDeploymentPostprocessing = 0;
		};
		57B8F69A2A07023C00C00B8E /* Resources */ = {
			isa = PBXResourcesBuildPhase;
			buildActionMask = 2147483647;
			files = (
			);
			runOnlyForDeploymentPostprocessing = 0;
		};
/* End PBXResourcesBuildPhase section */

/* Begin PBXSourcesBuildPhase section */
		57B8F67E2A07023A00C00B8E /* Sources */ = {
			isa = PBXSourcesBuildPhase;
			buildActionMask = 2147483647;
			files = (
				57B8F6D82A07B8F100C00B8E /* UserDetailInteractor.swift in Sources */,
				57B8F6B82A0709BC00C00B8E /* SearchUsersRequest.swift in Sources */,
				5700BDA02A0EF99D0084D6E7 /* UserDetailContentsView.swift in Sources */,
				57B8F6B32A0702CA00C00B8E /* WebView.swift in Sources */,
				57B8F6CF2A07913200C00B8E /* UserRepositoryRequest.swift in Sources */,
				57B8F6B62A07092400C00B8E /* Request.swift in Sources */,
				5700BDA22A0EF9AB0084D6E7 /* UserDetailHeaderView.swift in Sources */,
				571BFD082A10716400557CEA /* UserDetailRepository.swift in Sources */,
				571BFD062A10715500557CEA /* SearchUserRepository.swift in Sources */,
				57B8F6D62A07B8AA00C00B8E /* UserDetailScreenView.swift in Sources */,
				57B8F6CB2A07436200C00B8E /* SearchUserListView.swift in Sources */,
				57B8F6882A07023A00C00B8E /* SearchUserScreenView.swift in Sources */,
				5700BDA42A0EF9B90084D6E7 /* UserDetailRepositoryListView.swift in Sources */,
				57B8F6CD2A07901F00C00B8E /* UserDetailRequest.swift in Sources */,
				57B8F6862A07023A00C00B8E /* GithubForSwiftUIApp.swift in Sources */,
				57B8F6C22A070E1B00C00B8E /* SearchUserInteractor.swift in Sources */,
				57B8F6C82A07176F00C00B8E /* SearchUserState.swift in Sources */,
				57B8F6BA2A070A4600C00B8E /* ItemsResponse.swift in Sources */,
				57B8F6BC2A070A7F00C00B8E /* SearchUser.swift in Sources */,
				57B8F6DA2A07BBF000C00B8E /* UserDetailState.swift in Sources */,
				57B8F6C42A070E9E00C00B8E /* Session.swift in Sources */,
				57B8F6D12A0791CA00C00B8E /* UserDetail.swift in Sources */,
				57B8F6D32A0791DD00C00B8E /* UserRepository.swift in Sources */,
				57B8F6C62A070EF800C00B8E /* AccessToken.swift in Sources */,
			);
			runOnlyForDeploymentPostprocessing = 0;
		};
		57B8F68E2A07023C00C00B8E /* Sources */ = {
			isa = PBXSourcesBuildPhase;
			buildActionMask = 2147483647;
			files = (
				57B8F6972A07023C00C00B8E /* GithubForSwiftUITests.swift in Sources */,
			);
			runOnlyForDeploymentPostprocessing = 0;
		};
		57B8F6982A07023C00C00B8E /* Sources */ = {
			isa = PBXSourcesBuildPhase;
			buildActionMask = 2147483647;
			files = (
				57B8F6A12A07023C00C00B8E /* GithubForSwiftUIUITests.swift in Sources */,
				57B8F6A32A07023C00C00B8E /* GithubForSwiftUIUITestsLaunchTests.swift in Sources */,
			);
			runOnlyForDeploymentPostprocessing = 0;
		};
/* End PBXSourcesBuildPhase section */

/* Begin PBXTargetDependency section */
		57B8F6942A07023C00C00B8E /* PBXTargetDependency */ = {
			isa = PBXTargetDependency;
			target = 57B8F6812A07023A00C00B8E /* GithubForSwiftUI */;
			targetProxy = 57B8F6932A07023C00C00B8E /* PBXContainerItemProxy */;
		};
		57B8F69E2A07023C00C00B8E /* PBXTargetDependency */ = {
			isa = PBXTargetDependency;
			target = 57B8F6812A07023A00C00B8E /* GithubForSwiftUI */;
			targetProxy = 57B8F69D2A07023C00C00B8E /* PBXContainerItemProxy */;
		};
/* End PBXTargetDependency section */

/* Begin XCBuildConfiguration section */
		57B8F6A42A07023C00C00B8E /* Debug */ = {
			isa = XCBuildConfiguration;
			buildSettings = {
				ALWAYS_SEARCH_USER_PATHS = NO;
				CLANG_ANALYZER_NONNULL = YES;
				CLANG_ANALYZER_NUMBER_OBJECT_CONVERSION = YES_AGGRESSIVE;
				CLANG_CXX_LANGUAGE_STANDARD = "gnu++20";
				CLANG_ENABLE_MODULES = YES;
				CLANG_ENABLE_OBJC_ARC = YES;
				CLANG_ENABLE_OBJC_WEAK = YES;
				CLANG_WARN_BLOCK_CAPTURE_AUTORELEASING = YES;
				CLANG_WARN_BOOL_CONVERSION = YES;
				CLANG_WARN_COMMA = YES;
				CLANG_WARN_CONSTANT_CONVERSION = YES;
				CLANG_WARN_DEPRECATED_OBJC_IMPLEMENTATIONS = YES;
				CLANG_WARN_DIRECT_OBJC_ISA_USAGE = YES_ERROR;
				CLANG_WARN_DOCUMENTATION_COMMENTS = YES;
				CLANG_WARN_EMPTY_BODY = YES;
				CLANG_WARN_ENUM_CONVERSION = YES;
				CLANG_WARN_INFINITE_RECURSION = YES;
				CLANG_WARN_INT_CONVERSION = YES;
				CLANG_WARN_NON_LITERAL_NULL_CONVERSION = YES;
				CLANG_WARN_OBJC_IMPLICIT_RETAIN_SELF = YES;
				CLANG_WARN_OBJC_LITERAL_CONVERSION = YES;
				CLANG_WARN_OBJC_ROOT_CLASS = YES_ERROR;
				CLANG_WARN_QUOTED_INCLUDE_IN_FRAMEWORK_HEADER = YES;
				CLANG_WARN_RANGE_LOOP_ANALYSIS = YES;
				CLANG_WARN_STRICT_PROTOTYPES = YES;
				CLANG_WARN_SUSPICIOUS_MOVE = YES;
				CLANG_WARN_UNGUARDED_AVAILABILITY = YES_AGGRESSIVE;
				CLANG_WARN_UNREACHABLE_CODE = YES;
				CLANG_WARN__DUPLICATE_METHOD_MATCH = YES;
				COPY_PHASE_STRIP = NO;
				DEBUG_INFORMATION_FORMAT = dwarf;
				ENABLE_STRICT_OBJC_MSGSEND = YES;
				ENABLE_TESTABILITY = YES;
				GCC_C_LANGUAGE_STANDARD = gnu11;
				GCC_DYNAMIC_NO_PIC = NO;
				GCC_NO_COMMON_BLOCKS = YES;
				GCC_OPTIMIZATION_LEVEL = 0;
				GCC_PREPROCESSOR_DEFINITIONS = (
					"DEBUG=1",
					"$(inherited)",
				);
				GCC_WARN_64_TO_32_BIT_CONVERSION = YES;
				GCC_WARN_ABOUT_RETURN_TYPE = YES_ERROR;
				GCC_WARN_UNDECLARED_SELECTOR = YES;
				GCC_WARN_UNINITIALIZED_AUTOS = YES_AGGRESSIVE;
				GCC_WARN_UNUSED_FUNCTION = YES;
				GCC_WARN_UNUSED_VARIABLE = YES;
				IPHONEOS_DEPLOYMENT_TARGET = 16.2;
				MTL_ENABLE_DEBUG_INFO = INCLUDE_SOURCE;
				MTL_FAST_MATH = YES;
				ONLY_ACTIVE_ARCH = YES;
				SDKROOT = iphoneos;
				SWIFT_ACTIVE_COMPILATION_CONDITIONS = DEBUG;
				SWIFT_OPTIMIZATION_LEVEL = "-Onone";
			};
			name = Debug;
		};
		57B8F6A52A07023C00C00B8E /* Release */ = {
			isa = XCBuildConfiguration;
			buildSettings = {
				ALWAYS_SEARCH_USER_PATHS = NO;
				CLANG_ANALYZER_NONNULL = YES;
				CLANG_ANALYZER_NUMBER_OBJECT_CONVERSION = YES_AGGRESSIVE;
				CLANG_CXX_LANGUAGE_STANDARD = "gnu++20";
				CLANG_ENABLE_MODULES = YES;
				CLANG_ENABLE_OBJC_ARC = YES;
				CLANG_ENABLE_OBJC_WEAK = YES;
				CLANG_WARN_BLOCK_CAPTURE_AUTORELEASING = YES;
				CLANG_WARN_BOOL_CONVERSION = YES;
				CLANG_WARN_COMMA = YES;
				CLANG_WARN_CONSTANT_CONVERSION = YES;
				CLANG_WARN_DEPRECATED_OBJC_IMPLEMENTATIONS = YES;
				CLANG_WARN_DIRECT_OBJC_ISA_USAGE = YES_ERROR;
				CLANG_WARN_DOCUMENTATION_COMMENTS = YES;
				CLANG_WARN_EMPTY_BODY = YES;
				CLANG_WARN_ENUM_CONVERSION = YES;
				CLANG_WARN_INFINITE_RECURSION = YES;
				CLANG_WARN_INT_CONVERSION = YES;
				CLANG_WARN_NON_LITERAL_NULL_CONVERSION = YES;
				CLANG_WARN_OBJC_IMPLICIT_RETAIN_SELF = YES;
				CLANG_WARN_OBJC_LITERAL_CONVERSION = YES;
				CLANG_WARN_OBJC_ROOT_CLASS = YES_ERROR;
				CLANG_WARN_QUOTED_INCLUDE_IN_FRAMEWORK_HEADER = YES;
				CLANG_WARN_RANGE_LOOP_ANALYSIS = YES;
				CLANG_WARN_STRICT_PROTOTYPES = YES;
				CLANG_WARN_SUSPICIOUS_MOVE = YES;
				CLANG_WARN_UNGUARDED_AVAILABILITY = YES_AGGRESSIVE;
				CLANG_WARN_UNREACHABLE_CODE = YES;
				CLANG_WARN__DUPLICATE_METHOD_MATCH = YES;
				COPY_PHASE_STRIP = NO;
				DEBUG_INFORMATION_FORMAT = "dwarf-with-dsym";
				ENABLE_NS_ASSERTIONS = NO;
				ENABLE_STRICT_OBJC_MSGSEND = YES;
				GCC_C_LANGUAGE_STANDARD = gnu11;
				GCC_NO_COMMON_BLOCKS = YES;
				GCC_WARN_64_TO_32_BIT_CONVERSION = YES;
				GCC_WARN_ABOUT_RETURN_TYPE = YES_ERROR;
				GCC_WARN_UNDECLARED_SELECTOR = YES;
				GCC_WARN_UNINITIALIZED_AUTOS = YES_AGGRESSIVE;
				GCC_WARN_UNUSED_FUNCTION = YES;
				GCC_WARN_UNUSED_VARIABLE = YES;
				IPHONEOS_DEPLOYMENT_TARGET = 16.2;
				MTL_ENABLE_DEBUG_INFO = NO;
				MTL_FAST_MATH = YES;
				SDKROOT = iphoneos;
				SWIFT_COMPILATION_MODE = wholemodule;
				SWIFT_OPTIMIZATION_LEVEL = "-O";
				VALIDATE_PRODUCT = YES;
			};
			name = Release;
		};
		57B8F6A72A07023C00C00B8E /* Debug */ = {
			isa = XCBuildConfiguration;
			buildSettings = {
				ASSETCATALOG_COMPILER_APPICON_NAME = AppIcon;
				ASSETCATALOG_COMPILER_GLOBAL_ACCENT_COLOR_NAME = AccentColor;
				CODE_SIGN_STYLE = Automatic;
				CURRENT_PROJECT_VERSION = 1;
				DEVELOPMENT_ASSET_PATHS = "\"GithubForSwiftUI/Preview Content\"";
				DEVELOPMENT_TEAM = A5N58WKMLX;
				ENABLE_PREVIEWS = YES;
				GENERATE_INFOPLIST_FILE = YES;
				INFOPLIST_KEY_UIApplicationSceneManifest_Generation = YES;
				INFOPLIST_KEY_UIApplicationSupportsIndirectInputEvents = YES;
				INFOPLIST_KEY_UILaunchScreen_Generation = YES;
				INFOPLIST_KEY_UISupportedInterfaceOrientations_iPad = "UIInterfaceOrientationPortrait UIInterfaceOrientationPortraitUpsideDown UIInterfaceOrientationLandscapeLeft UIInterfaceOrientationLandscapeRight";
				INFOPLIST_KEY_UISupportedInterfaceOrientations_iPhone = "UIInterfaceOrientationPortrait UIInterfaceOrientationLandscapeLeft UIInterfaceOrientationLandscapeRight";
				LD_RUNPATH_SEARCH_PATHS = (
					"$(inherited)",
					"@executable_path/Frameworks",
				);
				MARKETING_VERSION = 1.0;
				PRODUCT_BUNDLE_IDENTIFIER = "com.holiday-counter.GithubForSwiftUI";
				PRODUCT_NAME = "$(TARGET_NAME)";
				SWIFT_EMIT_LOC_STRINGS = YES;
				SWIFT_VERSION = 5.0;
				TARGETED_DEVICE_FAMILY = "1,2";
			};
			name = Debug;
		};
		57B8F6A82A07023C00C00B8E /* Release */ = {
			isa = XCBuildConfiguration;
			buildSettings = {
				ASSETCATALOG_COMPILER_APPICON_NAME = AppIcon;
				ASSETCATALOG_COMPILER_GLOBAL_ACCENT_COLOR_NAME = AccentColor;
				CODE_SIGN_STYLE = Automatic;
				CURRENT_PROJECT_VERSION = 1;
				DEVELOPMENT_ASSET_PATHS = "\"GithubForSwiftUI/Preview Content\"";
				DEVELOPMENT_TEAM = A5N58WKMLX;
				ENABLE_PREVIEWS = YES;
				GENERATE_INFOPLIST_FILE = YES;
				INFOPLIST_KEY_UIApplicationSceneManifest_Generation = YES;
				INFOPLIST_KEY_UIApplicationSupportsIndirectInputEvents = YES;
				INFOPLIST_KEY_UILaunchScreen_Generation = YES;
				INFOPLIST_KEY_UISupportedInterfaceOrientations_iPad = "UIInterfaceOrientationPortrait UIInterfaceOrientationPortraitUpsideDown UIInterfaceOrientationLandscapeLeft UIInterfaceOrientationLandscapeRight";
				INFOPLIST_KEY_UISupportedInterfaceOrientations_iPhone = "UIInterfaceOrientationPortrait UIInterfaceOrientationLandscapeLeft UIInterfaceOrientationLandscapeRight";
				LD_RUNPATH_SEARCH_PATHS = (
					"$(inherited)",
					"@executable_path/Frameworks",
				);
				MARKETING_VERSION = 1.0;
				PRODUCT_BUNDLE_IDENTIFIER = "com.holiday-counter.GithubForSwiftUI";
				PRODUCT_NAME = "$(TARGET_NAME)";
				SWIFT_EMIT_LOC_STRINGS = YES;
				SWIFT_VERSION = 5.0;
				TARGETED_DEVICE_FAMILY = "1,2";
			};
			name = Release;
		};
		57B8F6AA2A07023C00C00B8E /* Debug */ = {
			isa = XCBuildConfiguration;
			buildSettings = {
				ALWAYS_EMBED_SWIFT_STANDARD_LIBRARIES = YES;
				BUNDLE_LOADER = "$(TEST_HOST)";
				CODE_SIGN_STYLE = Automatic;
				CURRENT_PROJECT_VERSION = 1;
				DEVELOPMENT_TEAM = A5N58WKMLX;
				GENERATE_INFOPLIST_FILE = YES;
				IPHONEOS_DEPLOYMENT_TARGET = 16.2;
				MARKETING_VERSION = 1.0;
				PRODUCT_BUNDLE_IDENTIFIER = "com.holiday-counter.GithubForSwiftUITests";
				PRODUCT_NAME = "$(TARGET_NAME)";
				SWIFT_EMIT_LOC_STRINGS = NO;
				SWIFT_VERSION = 5.0;
				TARGETED_DEVICE_FAMILY = "1,2";
				TEST_HOST = "$(BUILT_PRODUCTS_DIR)/GithubForSwiftUI.app/$(BUNDLE_EXECUTABLE_FOLDER_PATH)/GithubForSwiftUI";
			};
			name = Debug;
		};
		57B8F6AB2A07023C00C00B8E /* Release */ = {
			isa = XCBuildConfiguration;
			buildSettings = {
				ALWAYS_EMBED_SWIFT_STANDARD_LIBRARIES = YES;
				BUNDLE_LOADER = "$(TEST_HOST)";
				CODE_SIGN_STYLE = Automatic;
				CURRENT_PROJECT_VERSION = 1;
				DEVELOPMENT_TEAM = A5N58WKMLX;
				GENERATE_INFOPLIST_FILE = YES;
				IPHONEOS_DEPLOYMENT_TARGET = 16.2;
				MARKETING_VERSION = 1.0;
				PRODUCT_BUNDLE_IDENTIFIER = "com.holiday-counter.GithubForSwiftUITests";
				PRODUCT_NAME = "$(TARGET_NAME)";
				SWIFT_EMIT_LOC_STRINGS = NO;
				SWIFT_VERSION = 5.0;
				TARGETED_DEVICE_FAMILY = "1,2";
				TEST_HOST = "$(BUILT_PRODUCTS_DIR)/GithubForSwiftUI.app/$(BUNDLE_EXECUTABLE_FOLDER_PATH)/GithubForSwiftUI";
			};
			name = Release;
		};
		57B8F6AD2A07023C00C00B8E /* Debug */ = {
			isa = XCBuildConfiguration;
			buildSettings = {
				ALWAYS_EMBED_SWIFT_STANDARD_LIBRARIES = YES;
				CODE_SIGN_STYLE = Automatic;
				CURRENT_PROJECT_VERSION = 1;
				DEVELOPMENT_TEAM = A5N58WKMLX;
				GENERATE_INFOPLIST_FILE = YES;
				MARKETING_VERSION = 1.0;
				PRODUCT_BUNDLE_IDENTIFIER = "com.holiday-counter.GithubForSwiftUIUITests";
				PRODUCT_NAME = "$(TARGET_NAME)";
				SWIFT_EMIT_LOC_STRINGS = NO;
				SWIFT_VERSION = 5.0;
				TARGETED_DEVICE_FAMILY = "1,2";
				TEST_TARGET_NAME = GithubForSwiftUI;
			};
			name = Debug;
		};
		57B8F6AE2A07023C00C00B8E /* Release */ = {
			isa = XCBuildConfiguration;
			buildSettings = {
				ALWAYS_EMBED_SWIFT_STANDARD_LIBRARIES = YES;
				CODE_SIGN_STYLE = Automatic;
				CURRENT_PROJECT_VERSION = 1;
				DEVELOPMENT_TEAM = A5N58WKMLX;
				GENERATE_INFOPLIST_FILE = YES;
				MARKETING_VERSION = 1.0;
				PRODUCT_BUNDLE_IDENTIFIER = "com.holiday-counter.GithubForSwiftUIUITests";
				PRODUCT_NAME = "$(TARGET_NAME)";
				SWIFT_EMIT_LOC_STRINGS = NO;
				SWIFT_VERSION = 5.0;
				TARGETED_DEVICE_FAMILY = "1,2";
				TEST_TARGET_NAME = GithubForSwiftUI;
			};
			name = Release;
		};
/* End XCBuildConfiguration section */

/* Begin XCConfigurationList section */
		57B8F67D2A07023A00C00B8E /* Build configuration list for PBXProject "GithubForSwiftUI" */ = {
			isa = XCConfigurationList;
			buildConfigurations = (
				57B8F6A42A07023C00C00B8E /* Debug */,
				57B8F6A52A07023C00C00B8E /* Release */,
			);
			defaultConfigurationIsVisible = 0;
			defaultConfigurationName = Release;
		};
		57B8F6A62A07023C00C00B8E /* Build configuration list for PBXNativeTarget "GithubForSwiftUI" */ = {
			isa = XCConfigurationList;
			buildConfigurations = (
				57B8F6A72A07023C00C00B8E /* Debug */,
				57B8F6A82A07023C00C00B8E /* Release */,
			);
			defaultConfigurationIsVisible = 0;
			defaultConfigurationName = Release;
		};
		57B8F6A92A07023C00C00B8E /* Build configuration list for PBXNativeTarget "GithubForSwiftUITests" */ = {
			isa = XCConfigurationList;
			buildConfigurations = (
				57B8F6AA2A07023C00C00B8E /* Debug */,
				57B8F6AB2A07023C00C00B8E /* Release */,
			);
			defaultConfigurationIsVisible = 0;
			defaultConfigurationName = Release;
		};
		57B8F6AC2A07023C00C00B8E /* Build configuration list for PBXNativeTarget "GithubForSwiftUIUITests" */ = {
			isa = XCConfigurationList;
			buildConfigurations = (
				57B8F6AD2A07023C00C00B8E /* Debug */,
				57B8F6AE2A07023C00C00B8E /* Release */,
			);
			defaultConfigurationIsVisible = 0;
			defaultConfigurationName = Release;
		};
/* End XCConfigurationList section */
	};
	rootObject = 57B8F67A2A07023A00C00B8E /* Project object */;
}
