{
  "pins" : [
    {
      "identity" : "mockolo",
      "kind" : "remoteSourceControl",
      "location" : "https://github.com/uber/mockolo.git",
      "state" : {
        "revision" : "dc4caa2d3f2cc8b42eafe62d5162916b31ac0bec",
        "version" : "2.0.0"
      }
    },
    {
      "identity" : "swift-argument-parser",
      "kind" : "remoteSourceControl",
      "location" : "https://github.com/apple/swift-argument-parser.git",
      "state" : {
        "revision" : "fee6933f37fde9a5e12a1e4aeaa93fe60116ff2a",
        "version" : "1.2.2"
      }
    },
    {
      "identity" : "swift-syntax",
      "kind" : "remoteSourceControl",
      "location" : "https://github.com/apple/swift-syntax.git",
      "state" : {
        "revision" : "cd793adf5680e138bf2bcbaacc292490175d0dcd",
        "version" : "508.0.0"
      }
    }
  ],
  "version" : 2
}
